
Microsoft Visual Studio Solution File, Format Version 12.00
# Visual Studio Version 16
VisualStudioVersion = 16.0.30717.126
MinimumVisualStudioVersion = 10.0.40219.1
Project("{9A19103F-16F7-4668-BE54-9A1E7A4F7556}") = "MrHuo.OAuth", "MrHuo.OAuth\MrHuo.OAuth.csproj", "{B7889A67-0D50-49B7-9248-5428BC50A0DF}"
EndProject
Project("{9A19103F-16F7-4668-BE54-9A1E7A4F7556}") = "MrHuo.OAuth.Github", "MrHuo.OAuth.Github\MrHuo.OAuth.Github.csproj", "{08BF7584-2CB9-4500-A6D9-7A14F7ED199D}"
EndProject
Project("{2150E333-8FDC-42A3-9474-1A3956D46DE8}") = "1.OAuth", "1.OAuth", "{2421B9DA-FA42-4412-8ED6-452B745294A5}"
EndProject
Project("{2150E333-8FDC-42A3-9474-1A3956D46DE8}") = "2.NetCore", "2.NetCore", "{04AC789A-5D36-4048-BB4D-44A4F2D4338C}"
EndProject
Project("{2150E333-8FDC-42A3-9474-1A3956D46DE8}") = "3.WebForm", "3.WebForm", "{90AB604E-114B-46B3-A366-13F4305A6ABE}"
EndProject
Project("{9A19103F-16F7-4668-BE54-9A1E7A4F7556}") = "MrHuo.OAuth.NetCoreApp", "MrHuo.OAuth.NetCoreApp\MrHuo.OAuth.NetCoreApp.csproj", "{C24C5272-1A72-496E-BB4E-9F84EE6BB665}"
EndProject
Project("{9A19103F-16F7-4668-BE54-9A1E7A4F7556}") = "MrHuo.OAuth.Wechat", "MrHuo.OAuth.Wechat\MrHuo.OAuth.Wechat.csproj", "{A7441045-8BD8-4C73-B8E5-9DD1DF72FED0}"
EndProject
Project("{2150E333-8FDC-42A3-9474-1A3956D46DE8}") = "4.Other", "4.Other", "{A1FED815-21ED-431D-AF25-1EBC453AB1B7}"
	ProjectSection(SolutionItems) = preProject
		README.md = README.md
	EndProjectSection
EndProject
Project("{9A19103F-16F7-4668-BE54-9A1E7A4F7556}") = "MrHuo.OAuth.QQ", "MrHuo.OAuth.QQ\MrHuo.OAuth.QQ.csproj", "{A620363F-91AA-4D2B-9A2B-50F02F4CF1B7}"
EndProject
Project("{FAE04EC0-301F-11D3-BF4B-00C04F79EFBC}") = "MrHuo.OAuth.Huawei", "MrHuo.OAuth.Huawei\MrHuo.OAuth.Huawei.csproj", "{B968C0D1-A3A6-42B6-B8B1-4FF4A27C8587}"
EndProject
Project("{FAE04EC0-301F-11D3-BF4B-00C04F79EFBC}") = "MrHuo.OAuth.Gitee", "MrHuo.OAuth.Gitee\MrHuo.OAuth.Gitee.csproj", "{D99C21CE-856C-4BA2-8C30-28325355424C}"
EndProject
Global
	GlobalSection(SolutionConfigurationPlatforms) = preSolution
		Debug|Any CPU = Debug|Any CPU
		Release|Any CPU = Release|Any CPU
	EndGlobalSection
	GlobalSection(ProjectConfigurationPlatforms) = postSolution
		{B7889A67-0D50-49B7-9248-5428BC50A0DF}.Debug|Any CPU.ActiveCfg = Debug|Any CPU
		{B7889A67-0D50-49B7-9248-5428BC50A0DF}.Debug|Any CPU.Build.0 = Debug|Any CPU
		{B7889A67-0D50-49B7-9248-5428BC50A0DF}.Release|Any CPU.ActiveCfg = Release|Any CPU
		{B7889A67-0D50-49B7-9248-5428BC50A0DF}.Release|Any CPU.Build.0 = Release|Any CPU
		{08BF7584-2CB9-4500-A6D9-7A14F7ED199D}.Debug|Any CPU.ActiveCfg = Debug|Any CPU
		{08BF7584-2CB9-4500-A6D9-7A14F7ED199D}.Debug|Any CPU.Build.0 = Debug|Any CPU
		{08BF7584-2CB9-4500-A6D9-7A14F7ED199D}.Release|Any CPU.ActiveCfg = Release|Any CPU
		{08BF7584-2CB9-4500-A6D9-7A14F7ED199D}.Release|Any CPU.Build.0 = Release|Any CPU
		{C24C5272-1A72-496E-BB4E-9F84EE6BB665}.Debug|Any CPU.ActiveCfg = Debug|Any CPU
		{C24C5272-1A72-496E-BB4E-9F84EE6BB665}.Debug|Any CPU.Build.0 = Debug|Any CPU
		{C24C5272-1A72-496E-BB4E-9F84EE6BB665}.Release|Any CPU.ActiveCfg = Release|Any CPU
		{C24C5272-1A72-496E-BB4E-9F84EE6BB665}.Release|Any CPU.Build.0 = Release|Any CPU
		{A7441045-8BD8-4C73-B8E5-9DD1DF72FED0}.Debug|Any CPU.ActiveCfg = Debug|Any CPU
		{A7441045-8BD8-4C73-B8E5-9DD1DF72FED0}.Debug|Any CPU.Build.0 = Debug|Any CPU
		{A7441045-8BD8-4C73-B8E5-9DD1DF72FED0}.Release|Any CPU.ActiveCfg = Release|Any CPU
		{A7441045-8BD8-4C73-B8E5-9DD1DF72FED0}.Release|Any CPU.Build.0 = Release|Any CPU
		{A620363F-91AA-4D2B-9A2B-50F02F4CF1B7}.Debug|Any CPU.ActiveCfg = Debug|Any CPU
		{A620363F-91AA-4D2B-9A2B-50F02F4CF1B7}.Debug|Any CPU.Build.0 = Debug|Any CPU
		{A620363F-91AA-4D2B-9A2B-50F02F4CF1B7}.Release|Any CPU.ActiveCfg = Release|Any CPU
		{A620363F-91AA-4D2B-9A2B-50F02F4CF1B7}.Release|Any CPU.Build.0 = Release|Any CPU
		{B968C0D1-A3A6-42B6-B8B1-4FF4A27C8587}.Debug|Any CPU.ActiveCfg = Debug|Any CPU
		{B968C0D1-A3A6-42B6-B8B1-4FF4A27C8587}.Debug|Any CPU.Build.0 = Debug|Any CPU
		{B968C0D1-A3A6-42B6-B8B1-4FF4A27C8587}.Release|Any CPU.ActiveCfg = Release|Any CPU
		{B968C0D1-A3A6-42B6-B8B1-4FF4A27C8587}.Release|Any CPU.Build.0 = Release|Any CPU
		{D99C21CE-856C-4BA2-8C30-28325355424C}.Debug|Any CPU.ActiveCfg = Debug|Any CPU
		{D99C21CE-856C-4BA2-8C30-28325355424C}.Debug|Any CPU.Build.0 = Debug|Any CPU
		{D99C21CE-856C-4BA2-8C30-28325355424C}.Release|Any CPU.ActiveCfg = Release|Any CPU
		{D99C21CE-856C-4BA2-8C30-28325355424C}.Release|Any CPU.Build.0 = Release|Any CPU
	EndGlobalSection
	GlobalSection(SolutionProperties) = preSolution
		HideSolutionNode = FALSE
	EndGlobalSection
	GlobalSection(NestedProjects) = preSolution
		{B7889A67-0D50-49B7-9248-5428BC50A0DF} = {2421B9DA-FA42-4412-8ED6-452B745294A5}
		{08BF7584-2CB9-4500-A6D9-7A14F7ED199D} = {2421B9DA-FA42-4412-8ED6-452B745294A5}
		{C24C5272-1A72-496E-BB4E-9F84EE6BB665} = {04AC789A-5D36-4048-BB4D-44A4F2D4338C}
		{A7441045-8BD8-4C73-B8E5-9DD1DF72FED0} = {2421B9DA-FA42-4412-8ED6-452B745294A5}
		{A620363F-91AA-4D2B-9A2B-50F02F4CF1B7} = {2421B9DA-FA42-4412-8ED6-452B745294A5}
		{B968C0D1-A3A6-42B6-B8B1-4FF4A27C8587} = {2421B9DA-FA42-4412-8ED6-452B745294A5}
		{D99C21CE-856C-4BA2-8C30-28325355424C} = {2421B9DA-FA42-4412-8ED6-452B745294A5}
	EndGlobalSection
	GlobalSection(ExtensibilityGlobals) = postSolution
		SolutionGuid = {24DE1505-2557-43FC-BF2C-9AAB19B51971}
	EndGlobalSection
EndGlobal
