
Microsoft Visual Studio Solution File, Format Version 12.00
# Visual Studio Version 16
VisualStudioVersion = 16.0.30717.126
MinimumVisualStudioVersion = 10.0.40219.1
Project("{9A19103F-16F7-4668-BE54-9A1E7A4F7556}") = "MrHuo.OAuth.Github", "MrHuo.OAuth.Github\MrHuo.OAuth.Github.csproj", "{08BF7584-2CB9-4500-A6D9-7A14F7ED199D}"
EndProject
Project("{2150E333-8FDC-42A3-9474-1A3956D46DE8}") = "1.OAuth", "1.OAuth", "{2421B9DA-FA42-4412-8ED6-452B745294A5}"
EndProject
Project("{2150E333-8FDC-42A3-9474-1A3956D46DE8}") = "2.NetCore", "2.NetCore", "{04AC789A-5D36-4048-BB4D-44A4F2D4338C}"
EndProject
Project("{2150E333-8FDC-42A3-9474-1A3956D46DE8}") = "3.WebForm", "3.WebForm", "{90AB604E-114B-46B3-A366-13F4305A6ABE}"
EndProject
Project("{9A19103F-16F7-4668-BE54-9A1E7A4F7556}") = "MrHuo.OAuth.NetCoreApp", "MrHuo.OAuth.NetCoreApp\MrHuo.OAuth.NetCoreApp.csproj", "{C24C5272-1A72-496E-BB4E-9F84EE6BB665}"
EndProject
Project("{9A19103F-16F7-4668-BE54-9A1E7A4F7556}") = "MrHuo.OAuth.Wechat", "MrHuo.OAuth.Wechat\MrHuo.OAuth.Wechat.csproj", "{A7441045-8BD8-4C73-B8E5-9DD1DF72FED0}"
EndProject
Project("{2150E333-8FDC-42A3-9474-1A3956D46DE8}") = "4.Other", "4.Other", "{A1FED815-21ED-431D-AF25-1EBC453AB1B7}"
	ProjectSection(SolutionItems) = preProject
		..\.travis.yml = ..\.travis.yml
		..\LICENSE = ..\LICENSE
		..\logo.png = ..\logo.png
		..\README.md = ..\README.md
	EndProjectSection
EndProject
Project("{9A19103F-16F7-4668-BE54-9A1E7A4F7556}") = "MrHuo.OAuth.QQ", "MrHuo.OAuth.QQ\MrHuo.OAuth.QQ.csproj", "{A620363F-91AA-4D2B-9A2B-50F02F4CF1B7}"
EndProject
Project("{9A19103F-16F7-4668-BE54-9A1E7A4F7556}") = "MrHuo.OAuth.Huawei", "MrHuo.OAuth.Huawei\MrHuo.OAuth.Huawei.csproj", "{B968C0D1-A3A6-42B6-B8B1-4FF4A27C8587}"
EndProject
Project("{9A19103F-16F7-4668-BE54-9A1E7A4F7556}") = "MrHuo.OAuth.Gitee", "MrHuo.OAuth.Gitee\MrHuo.OAuth.Gitee.csproj", "{D99C21CE-856C-4BA2-8C30-28325355424C}"
EndProject
Project("{9A19103F-16F7-4668-BE54-9A1E7A4F7556}") = "MrHuo.OAuth.Baidu", "MrHuo.OAuth.Baidu\MrHuo.OAuth.Baidu.csproj", "{9862811A-0F81-46C2-9E1B-DED98A8EA015}"
EndProject
Project("{9A19103F-16F7-4668-BE54-9A1E7A4F7556}") = "MrHuo.OAuth.Alipay", "MrHuo.OAuth.Alipay\MrHuo.OAuth.Alipay.csproj", "{80216091-1B3F-4F96-81E1-D1D8F5386039}"
EndProject
Project("{9A19103F-16F7-4668-BE54-9A1E7A4F7556}") = "MrHuo.OAuth.Gitlab", "MrHuo.OAuth.Gitlab\MrHuo.OAuth.Gitlab.csproj", "{B5EBFBC4-5276-40A1-9A21-5915B041CF12}"
EndProject
Project("{9A19103F-16F7-4668-BE54-9A1E7A4F7556}") = "MrHuo.OAuth.Core", "MrHuo.OAuth.Core\MrHuo.OAuth.Core.csproj", "{897E1826-9E4D-41EE-B45E-04CA1C718560}"
EndProject
Project("{9A19103F-16F7-4668-BE54-9A1E7A4F7556}") = "MrHuo.OAuth.Coding", "MrHuo.OAuth.Coding\MrHuo.OAuth.Coding.csproj", "{F6EC7E26-9D89-4C8E-9371-4EDBEB9C3BF8}"
EndProject
Project("{9A19103F-16F7-4668-BE54-9A1E7A4F7556}") = "MrHuo.OAuth.SinaWeibo", "MrHuo.OAuth.SinaWeibo\MrHuo.OAuth.SinaWeibo.csproj", "{29AC55FA-2FD3-44A1-8A2F-B3716ECB0FA1}"
EndProject
Project("{9A19103F-16F7-4668-BE54-9A1E7A4F7556}") = "MrHuo.OAuth.OSChina", "MrHuo.OAuth.OSChina\MrHuo.OAuth.OSChina.csproj", "{3763AAFC-E922-453E-B68D-39F3CFD006EB}"
EndProject
Project("{9A19103F-16F7-4668-BE54-9A1E7A4F7556}") = "MrHuo.OAuth.DouYin", "MrHuo.OAuth.DouYin\MrHuo.OAuth.DouYin.csproj", "{DE55DB46-819B-4D27-9C83-B3A3E86FC778}"
EndProject
Project("{9A19103F-16F7-4668-BE54-9A1E7A4F7556}") = "MrHuo.OAuth.WechatOpen", "MrHuo.OAuth.WechatOpen\MrHuo.OAuth.WechatOpen.csproj", "{94E1FC84-81DC-4ACD-90C5-AB32C5897C9E}"
EndProject
Project("{9A19103F-16F7-4668-BE54-9A1E7A4F7556}") = "MrHuo.OAuth.MeiTuan", "MrHuo.OAuth.MeiTuan\MrHuo.OAuth.MeiTuan.csproj", "{A85E2D4E-A74A-43C3-AE79-150104A48D00}"
EndProject
Project("{9A19103F-16F7-4668-BE54-9A1E7A4F7556}") = "MrHuo.OAuth.XunLei", "MrHuo.OAuth.XunLei\MrHuo.OAuth.XunLei.csproj", "{4E9EB37E-2C7A-4809-AAAF-0257F46864BE}"
EndProject
Project("{9A19103F-16F7-4668-BE54-9A1E7A4F7556}") = "MrHuo.OAuth.DingTalk", "MrHuo.OAuth.DingTalk\MrHuo.OAuth.DingTalk.csproj", "{7C45429A-AD99-4B3D-AD80-4CA2A72C5106}"
EndProject
Project("{9A19103F-16F7-4668-BE54-9A1E7A4F7556}") = "MrHuo.OAuth.DingTalkQrcode", "MrHuo.OAuth.DingTalkQrcode\MrHuo.OAuth.DingTalkQrcode.csproj", "{51001FE8-40A7-45DA-B4DD-198E79F28171}"
EndProject
Project("{FAE04EC0-301F-11D3-BF4B-00C04F79EFBC}") = "MrHuo.OAuth.Microsoft", "MrHuo.OAuth.Microsoft\MrHuo.OAuth.Microsoft.csproj", "{C3B261BF-7FFF-44BC-99FE-B55409EE805C}"
EndProject
Global
	GlobalSection(SolutionConfigurationPlatforms) = preSolution
		Debug|Any CPU = Debug|Any CPU
		Release|Any CPU = Release|Any CPU
	EndGlobalSection
	GlobalSection(ProjectConfigurationPlatforms) = postSolution
		{08BF7584-2CB9-4500-A6D9-7A14F7ED199D}.Debug|Any CPU.ActiveCfg = Debug|Any CPU
		{08BF7584-2CB9-4500-A6D9-7A14F7ED199D}.Debug|Any CPU.Build.0 = Debug|Any CPU
		{08BF7584-2CB9-4500-A6D9-7A14F7ED199D}.Release|Any CPU.ActiveCfg = Release|Any CPU
		{08BF7584-2CB9-4500-A6D9-7A14F7ED199D}.Release|Any CPU.Build.0 = Release|Any CPU
		{C24C5272-1A72-496E-BB4E-9F84EE6BB665}.Debug|Any CPU.ActiveCfg = Debug|Any CPU
		{C24C5272-1A72-496E-BB4E-9F84EE6BB665}.Debug|Any CPU.Build.0 = Debug|Any CPU
		{C24C5272-1A72-496E-BB4E-9F84EE6BB665}.Release|Any CPU.ActiveCfg = Release|Any CPU
		{C24C5272-1A72-496E-BB4E-9F84EE6BB665}.Release|Any CPU.Build.0 = Release|Any CPU
		{A7441045-8BD8-4C73-B8E5-9DD1DF72FED0}.Debug|Any CPU.ActiveCfg = Debug|Any CPU
		{A7441045-8BD8-4C73-B8E5-9DD1DF72FED0}.Debug|Any CPU.Build.0 = Debug|Any CPU
		{A7441045-8BD8-4C73-B8E5-9DD1DF72FED0}.Release|Any CPU.ActiveCfg = Release|Any CPU
		{A7441045-8BD8-4C73-B8E5-9DD1DF72FED0}.Release|Any CPU.Build.0 = Release|Any CPU
		{A620363F-91AA-4D2B-9A2B-50F02F4CF1B7}.Debug|Any CPU.ActiveCfg = Debug|Any CPU
		{A620363F-91AA-4D2B-9A2B-50F02F4CF1B7}.Debug|Any CPU.Build.0 = Debug|Any CPU
		{A620363F-91AA-4D2B-9A2B-50F02F4CF1B7}.Release|Any CPU.ActiveCfg = Release|Any CPU
		{A620363F-91AA-4D2B-9A2B-50F02F4CF1B7}.Release|Any CPU.Build.0 = Release|Any CPU
		{B968C0D1-A3A6-42B6-B8B1-4FF4A27C8587}.Debug|Any CPU.ActiveCfg = Debug|Any CPU
		{B968C0D1-A3A6-42B6-B8B1-4FF4A27C8587}.Debug|Any CPU.Build.0 = Debug|Any CPU
		{B968C0D1-A3A6-42B6-B8B1-4FF4A27C8587}.Release|Any CPU.ActiveCfg = Release|Any CPU
		{B968C0D1-A3A6-42B6-B8B1-4FF4A27C8587}.Release|Any CPU.Build.0 = Release|Any CPU
		{D99C21CE-856C-4BA2-8C30-28325355424C}.Debug|Any CPU.ActiveCfg = Debug|Any CPU
		{D99C21CE-856C-4BA2-8C30-28325355424C}.Debug|Any CPU.Build.0 = Debug|Any CPU
		{D99C21CE-856C-4BA2-8C30-28325355424C}.Release|Any CPU.ActiveCfg = Release|Any CPU
		{D99C21CE-856C-4BA2-8C30-28325355424C}.Release|Any CPU.Build.0 = Release|Any CPU
		{9862811A-0F81-46C2-9E1B-DED98A8EA015}.Debug|Any CPU.ActiveCfg = Debug|Any CPU
		{9862811A-0F81-46C2-9E1B-DED98A8EA015}.Debug|Any CPU.Build.0 = Debug|Any CPU
		{9862811A-0F81-46C2-9E1B-DED98A8EA015}.Release|Any CPU.ActiveCfg = Release|Any CPU
		{9862811A-0F81-46C2-9E1B-DED98A8EA015}.Release|Any CPU.Build.0 = Release|Any CPU
		{80216091-1B3F-4F96-81E1-D1D8F5386039}.Debug|Any CPU.ActiveCfg = Debug|Any CPU
		{80216091-1B3F-4F96-81E1-D1D8F5386039}.Debug|Any CPU.Build.0 = Debug|Any CPU
		{80216091-1B3F-4F96-81E1-D1D8F5386039}.Release|Any CPU.ActiveCfg = Release|Any CPU
		{80216091-1B3F-4F96-81E1-D1D8F5386039}.Release|Any CPU.Build.0 = Release|Any CPU
		{B5EBFBC4-5276-40A1-9A21-5915B041CF12}.Debug|Any CPU.ActiveCfg = Debug|Any CPU
		{B5EBFBC4-5276-40A1-9A21-5915B041CF12}.Debug|Any CPU.Build.0 = Debug|Any CPU
		{B5EBFBC4-5276-40A1-9A21-5915B041CF12}.Release|Any CPU.ActiveCfg = Release|Any CPU
		{B5EBFBC4-5276-40A1-9A21-5915B041CF12}.Release|Any CPU.Build.0 = Release|Any CPU
		{897E1826-9E4D-41EE-B45E-04CA1C718560}.Debug|Any CPU.ActiveCfg = Debug|Any CPU
		{897E1826-9E4D-41EE-B45E-04CA1C718560}.Debug|Any CPU.Build.0 = Debug|Any CPU
		{897E1826-9E4D-41EE-B45E-04CA1C718560}.Release|Any CPU.ActiveCfg = Release|Any CPU
		{897E1826-9E4D-41EE-B45E-04CA1C718560}.Release|Any CPU.Build.0 = Release|Any CPU
		{F6EC7E26-9D89-4C8E-9371-4EDBEB9C3BF8}.Debug|Any CPU.ActiveCfg = Debug|Any CPU
		{F6EC7E26-9D89-4C8E-9371-4EDBEB9C3BF8}.Debug|Any CPU.Build.0 = Debug|Any CPU
		{F6EC7E26-9D89-4C8E-9371-4EDBEB9C3BF8}.Release|Any CPU.ActiveCfg = Release|Any CPU
		{F6EC7E26-9D89-4C8E-9371-4EDBEB9C3BF8}.Release|Any CPU.Build.0 = Release|Any CPU
		{29AC55FA-2FD3-44A1-8A2F-B3716ECB0FA1}.Debug|Any CPU.ActiveCfg = Debug|Any CPU
		{29AC55FA-2FD3-44A1-8A2F-B3716ECB0FA1}.Debug|Any CPU.Build.0 = Debug|Any CPU
		{29AC55FA-2FD3-44A1-8A2F-B3716ECB0FA1}.Release|Any CPU.ActiveCfg = Release|Any CPU
		{29AC55FA-2FD3-44A1-8A2F-B3716ECB0FA1}.Release|Any CPU.Build.0 = Release|Any CPU
		{3763AAFC-E922-453E-B68D-39F3CFD006EB}.Debug|Any CPU.ActiveCfg = Debug|Any CPU
		{3763AAFC-E922-453E-B68D-39F3CFD006EB}.Debug|Any CPU.Build.0 = Debug|Any CPU
		{3763AAFC-E922-453E-B68D-39F3CFD006EB}.Release|Any CPU.ActiveCfg = Release|Any CPU
		{3763AAFC-E922-453E-B68D-39F3CFD006EB}.Release|Any CPU.Build.0 = Release|Any CPU
		{DE55DB46-819B-4D27-9C83-B3A3E86FC778}.Debug|Any CPU.ActiveCfg = Debug|Any CPU
		{DE55DB46-819B-4D27-9C83-B3A3E86FC778}.Debug|Any CPU.Build.0 = Debug|Any CPU
		{DE55DB46-819B-4D27-9C83-B3A3E86FC778}.Release|Any CPU.ActiveCfg = Release|Any CPU
		{DE55DB46-819B-4D27-9C83-B3A3E86FC778}.Release|Any CPU.Build.0 = Release|Any CPU
		{94E1FC84-81DC-4ACD-90C5-AB32C5897C9E}.Debug|Any CPU.ActiveCfg = Debug|Any CPU
		{94E1FC84-81DC-4ACD-90C5-AB32C5897C9E}.Debug|Any CPU.Build.0 = Debug|Any CPU
		{94E1FC84-81DC-4ACD-90C5-AB32C5897C9E}.Release|Any CPU.ActiveCfg = Release|Any CPU
		{94E1FC84-81DC-4ACD-90C5-AB32C5897C9E}.Release|Any CPU.Build.0 = Release|Any CPU
		{A85E2D4E-A74A-43C3-AE79-150104A48D00}.Debug|Any CPU.ActiveCfg = Debug|Any CPU
		{A85E2D4E-A74A-43C3-AE79-150104A48D00}.Debug|Any CPU.Build.0 = Debug|Any CPU
		{A85E2D4E-A74A-43C3-AE79-150104A48D00}.Release|Any CPU.ActiveCfg = Release|Any CPU
		{A85E2D4E-A74A-43C3-AE79-150104A48D00}.Release|Any CPU.Build.0 = Release|Any CPU
		{4E9EB37E-2C7A-4809-AAAF-0257F46864BE}.Debug|Any CPU.ActiveCfg = Debug|Any CPU
		{4E9EB37E-2C7A-4809-AAAF-0257F46864BE}.Debug|Any CPU.Build.0 = Debug|Any CPU
		{4E9EB37E-2C7A-4809-AAAF-0257F46864BE}.Release|Any CPU.ActiveCfg = Release|Any CPU
		{4E9EB37E-2C7A-4809-AAAF-0257F46864BE}.Release|Any CPU.Build.0 = Release|Any CPU
		{7C45429A-AD99-4B3D-AD80-4CA2A72C5106}.Debug|Any CPU.ActiveCfg = Debug|Any CPU
		{7C45429A-AD99-4B3D-AD80-4CA2A72C5106}.Debug|Any CPU.Build.0 = Debug|Any CPU
		{7C45429A-AD99-4B3D-AD80-4CA2A72C5106}.Release|Any CPU.ActiveCfg = Release|Any CPU
		{7C45429A-AD99-4B3D-AD80-4CA2A72C5106}.Release|Any CPU.Build.0 = Release|Any CPU
		{51001FE8-40A7-45DA-B4DD-198E79F28171}.Debug|Any CPU.ActiveCfg = Debug|Any CPU
		{51001FE8-40A7-45DA-B4DD-198E79F28171}.Debug|Any CPU.Build.0 = Debug|Any CPU
		{51001FE8-40A7-45DA-B4DD-198E79F28171}.Release|Any CPU.ActiveCfg = Release|Any CPU
		{51001FE8-40A7-45DA-B4DD-198E79F28171}.Release|Any CPU.Build.0 = Release|Any CPU
		{C3B261BF-7FFF-44BC-99FE-B55409EE805C}.Debug|Any CPU.ActiveCfg = Debug|Any CPU
		{C3B261BF-7FFF-44BC-99FE-B55409EE805C}.Debug|Any CPU.Build.0 = Debug|Any CPU
		{C3B261BF-7FFF-44BC-99FE-B55409EE805C}.Release|Any CPU.ActiveCfg = Release|Any CPU
		{C3B261BF-7FFF-44BC-99FE-B55409EE805C}.Release|Any CPU.Build.0 = Release|Any CPU
	EndGlobalSection
	GlobalSection(SolutionProperties) = preSolution
		HideSolutionNode = FALSE
	EndGlobalSection
	GlobalSection(NestedProjects) = preSolution
		{08BF7584-2CB9-4500-A6D9-7A14F7ED199D} = {2421B9DA-FA42-4412-8ED6-452B745294A5}
		{C24C5272-1A72-496E-BB4E-9F84EE6BB665} = {04AC789A-5D36-4048-BB4D-44A4F2D4338C}
		{A7441045-8BD8-4C73-B8E5-9DD1DF72FED0} = {2421B9DA-FA42-4412-8ED6-452B745294A5}
		{A620363F-91AA-4D2B-9A2B-50F02F4CF1B7} = {2421B9DA-FA42-4412-8ED6-452B745294A5}
		{B968C0D1-A3A6-42B6-B8B1-4FF4A27C8587} = {2421B9DA-FA42-4412-8ED6-452B745294A5}
		{D99C21CE-856C-4BA2-8C30-28325355424C} = {2421B9DA-FA42-4412-8ED6-452B745294A5}
		{9862811A-0F81-46C2-9E1B-DED98A8EA015} = {2421B9DA-FA42-4412-8ED6-452B745294A5}
		{80216091-1B3F-4F96-81E1-D1D8F5386039} = {2421B9DA-FA42-4412-8ED6-452B745294A5}
		{B5EBFBC4-5276-40A1-9A21-5915B041CF12} = {2421B9DA-FA42-4412-8ED6-452B745294A5}
		{897E1826-9E4D-41EE-B45E-04CA1C718560} = {2421B9DA-FA42-4412-8ED6-452B745294A5}
		{F6EC7E26-9D89-4C8E-9371-4EDBEB9C3BF8} = {2421B9DA-FA42-4412-8ED6-452B745294A5}
		{29AC55FA-2FD3-44A1-8A2F-B3716ECB0FA1} = {2421B9DA-FA42-4412-8ED6-452B745294A5}
		{3763AAFC-E922-453E-B68D-39F3CFD006EB} = {2421B9DA-FA42-4412-8ED6-452B745294A5}
		{DE55DB46-819B-4D27-9C83-B3A3E86FC778} = {2421B9DA-FA42-4412-8ED6-452B745294A5}
		{94E1FC84-81DC-4ACD-90C5-AB32C5897C9E} = {2421B9DA-FA42-4412-8ED6-452B745294A5}
		{A85E2D4E-A74A-43C3-AE79-150104A48D00} = {2421B9DA-FA42-4412-8ED6-452B745294A5}
		{4E9EB37E-2C7A-4809-AAAF-0257F46864BE} = {2421B9DA-FA42-4412-8ED6-452B745294A5}
		{7C45429A-AD99-4B3D-AD80-4CA2A72C5106} = {2421B9DA-FA42-4412-8ED6-452B745294A5}
		{51001FE8-40A7-45DA-B4DD-198E79F28171} = {2421B9DA-FA42-4412-8ED6-452B745294A5}
		{C3B261BF-7FFF-44BC-99FE-B55409EE805C} = {2421B9DA-FA42-4412-8ED6-452B745294A5}
	EndGlobalSection
	GlobalSection(ExtensibilityGlobals) = postSolution
		SolutionGuid = {24DE1505-2557-43FC-BF2C-9AAB19B51971}
	EndGlobalSection
EndGlobal
